SITE
  remote: http://community.opscode.com/api/v1
  specs:
    apt (1.8.4)
    build-essential (1.3.2)
    imagemagick (0.2.2)
    mysql (2.1.0)
      build-essential (>= 0.0.0)
      openssl (>= 0.0.0)
    nodejs (1.1.2)
      apt (>= 0.0.0)
      build-essential (>= 0.0.0)
    openssl (1.0.0)
    runit (1.0.0)
      build-essential (>= 0.0.0)
    vim (1.0.2)

GIT
  remote: git://github.com/fnichol/chef-rbenv.git
  ref: v0.7.2
  sha: f2b53292e810dd2b43f6121f9958f5f29979dcb1
  specs:
    rbenv (0.7.2)

GIT
  remote: git://github.com/fnichol/chef-ruby_build.git
  ref: master
  sha: 4d3361995a6953076951693eff1b326ab499fe1e
  specs:
    ruby_build (0.8.1)

GIT
  remote: https://github.com/fnichol/chef-git.git
  ref: master
  sha: 6c19cbefcdad5ec0f62a64dae1f656d660698ea3
  specs:
    git (0.9.0)
      runit (>= 0.0.0)

GIT
  remote: https://github.com/opscode-cookbooks/postgresql.git
  ref: master
  sha: 3c2bb19bca12953cf2ed6a2f0621670ff1455f9d
  specs:
    postgresql (3.0.3)
      apt (>= 0.0.0)
      build-essential (>= 0.0.0)
      openssl (>= 0.0.0)

DEPENDENCIES
  apt (>= 0)
  build-essential (>= 0)
  git (>= 0)
  imagemagick (>= 0)
  mysql (>= 0)
  nodejs (>= 0)
  postgresql (>= 0)
  rbenv (>= 0)
  ruby_build (>= 0)
  vim (>= 0)

